# THIS IS AN AUTOGENERATED FILE. DO NOT EDIT THIS FILE DIRECTLY.
# yarn lockfile v1


bluebird@^3.4.7:
  version "3.4.7"
  resolved "https://registry.yarnpkg.com/bluebird/-/bluebird-3.4.7.tgz#f72d760be09b7f76d08ed8fae98b289a8d05fab3"

colors@^1.1.2:
  version "1.1.2"
  resolved "https://registry.yarnpkg.com/colors/-/colors-1.1.2.tgz#168a4701756b6a7f51a12ce0c97bfa28c084ed63"

data.maybe@^1.2.2:
  version "1.2.2"
  resolved "https://registry.yarnpkg.com/data.maybe/-/data.maybe-1.2.2.tgz#f955e4b5572b2eb5047eab93d8bb3a1cc76a2dc3"

ramda@^0.23.0:
  version "0.23.0"
  resolved "https://registry.yarnpkg.com/ramda/-/ramda-0.23.0.tgz#ccd13fff73497a93974e3e86327bfd87bd6e8e2b"

typescript@2.1.6:
  version "2.1.6"
  resolved "https://registry.yarnpkg.com/typescript/-/typescript-2.1.6.tgz#40c7e6e9e5da7961b7718b55505f9cac9487a607"

validator@^6.2.1:
  version "6.2.1"
  resolved "https://registry.yarnpkg.com/validator/-/validator-6.2.1.tgz#bc575b78d15beb2e338a665ba9530c7f409ef667"
